
Microsoft Visual Studio Solution File, Format Version 12.00
# Visual Studio 15
VisualStudioVersion = 15.0.27428.2015
MinimumVisualStudioVersion = 10.0.40219.1
Project("{FAE04EC0-301F-11D3-BF4B-00C04F79EFBC}") = "CuddlyWombat", "CuddlyWombat\CuddlyWombat.csproj", "{8B01BB7C-91E4-42EF-B53A-9A5BF25D5454}"
EndProject
Global
	GlobalSection(SolutionConfigurationPlatforms) = preSolution
		Debug|Any CPU = Debug|Any CPU
		Release|Any CPU = Release|Any CPU
	EndGlobalSection
	GlobalSection(ProjectConfigurationPlatforms) = postSolution
		{8B01BB7C-91E4-42EF-B53A-9A5BF25D5454}.Debug|Any CPU.ActiveCfg = Debug|Any CPU
		{8B01BB7C-91E4-42EF-B53A-9A5BF25D5454}.Debug|Any CPU.Build.0 = Debug|Any CPU
		{8B01BB7C-91E4-42EF-B53A-9A5BF25D5454}.Release|Any CPU.ActiveCfg = Release|Any CPU
		{8B01BB7C-91E4-42EF-B53A-9A5BF25D5454}.Release|Any CPU.Build.0 = Release|Any CPU
	EndGlobalSection
	GlobalSection(SolutionProperties) = preSolution
		HideSolutionNode = FALSE
	EndGlobalSection
	GlobalSection(ExtensibilityGlobals) = postSolution
		SolutionGuid = {128BF561-735B-401F-AA82-2D6358A9AE19}
	EndGlobalSection
EndGlobal
